
Microsoft Visual Studio Solution File, Format Version 12.00
# Visual Studio Version 16
VisualStudioVersion = 16.0.31229.75
MinimumVisualStudioVersion = 10.0.40219.1
Project("{9A19103F-16F7-4668-BE54-9A1E7A4F7556}") = "back", "back\back.csproj", "{DAE211C4-C3EA-4FCA-9A0D-1577DB4BBA08}"
EndProject
Project("{FAE04EC0-301F-11D3-BF4B-00C04F79EFBC}") = "backTests", "backTests\backTests.csproj", "{C8782019-2D8E-495C-89A5-A563E13BC173}"
EndProject
Global
	GlobalSection(SolutionConfigurationPlatforms) = preSolution
		Debug|Any CPU = Debug|Any CPU
		Release|Any CPU = Release|Any CPU
	EndGlobalSection
	GlobalSection(ProjectConfigurationPlatforms) = postSolution
		{DAE211C4-C3EA-4FCA-9A0D-1577DB4BBA08}.Debug|Any CPU.ActiveCfg = Debug|Any CPU
		{DAE211C4-C3EA-4FCA-9A0D-1577DB4BBA08}.Debug|Any CPU.Build.0 = Debug|Any CPU
		{DAE211C4-C3EA-4FCA-9A0D-1577DB4BBA08}.Release|Any CPU.ActiveCfg = Release|Any CPU
		{DAE211C4-C3EA-4FCA-9A0D-1577DB4BBA08}.Release|Any CPU.Build.0 = Release|Any CPU
		{C8782019-2D8E-495C-89A5-A563E13BC173}.Debug|Any CPU.ActiveCfg = Debug|Any CPU
		{C8782019-2D8E-495C-89A5-A563E13BC173}.Debug|Any CPU.Build.0 = Debug|Any CPU
		{C8782019-2D8E-495C-89A5-A563E13BC173}.Release|Any CPU.ActiveCfg = Release|Any CPU
		{C8782019-2D8E-495C-89A5-A563E13BC173}.Release|Any CPU.Build.0 = Release|Any CPU
	EndGlobalSection
	GlobalSection(SolutionProperties) = preSolution
		HideSolutionNode = FALSE
	EndGlobalSection
	GlobalSection(ExtensibilityGlobals) = postSolution
		SolutionGuid = {A31D01EC-BC40-40CE-8226-DDF07F64CFFB}
	EndGlobalSection
EndGlobal
